
Microsoft Visual Studio Solution File, Format Version 12.00
Project("{FAE04EC0-301F-11D3-BF4B-00C04F79EFBC}") = "Package Uninstaller", "Package Uninstaller\Package Uninstaller.csproj", "{B78312A9-742A-4633-840C-D2B6CD8D5880}"
EndProject
Global
	GlobalSection(SolutionConfigurationPlatforms) = preSolution
		Debug|Any CPU = Debug|Any CPU
		Release|Any CPU = Release|Any CPU
	EndGlobalSection
	GlobalSection(ProjectConfigurationPlatforms) = postSolution
		{B78312A9-742A-4633-840C-D2B6CD8D5880}.Debug|Any CPU.ActiveCfg = Debug|Any CPU
		{B78312A9-742A-4633-840C-D2B6CD8D5880}.Debug|Any CPU.Build.0 = Debug|Any CPU
		{B78312A9-742A-4633-840C-D2B6CD8D5880}.Release|Any CPU.ActiveCfg = Release|Any CPU
		{B78312A9-742A-4633-840C-D2B6CD8D5880}.Release|Any CPU.Build.0 = Release|Any CPU
	EndGlobalSection
EndGlobal
